// !$*UTF8*$!
{
	archiveVersion = 1;
	classes = {
	};
	objectVersion = 50;
	objects = {

/* Begin PBXBuildFile section */
		BB35DBFC21E53AF400451FF1 /* AppDelegate.swift in Sources */ = {isa = PBXBuildFile; fileRef = BB35DBFB21E53AF400451FF1 /* AppDelegate.swift */; };
		BB35DBFE21E53AF400451FF1 /* ViewController.swift in Sources */ = {isa = PBXBuildFile; fileRef = BB35DBFD21E53AF400451FF1 /* ViewController.swift */; };
		BB35DC0121E53AF400451FF1 /* Main.storyboard in Resources */ = {isa = PBXBuildFile; fileRef = BB35DBFF21E53AF400451FF1 /* Main.storyboard */; };
		BB35DC0321E53AF700451FF1 /* Assets.xcassets in Resources */ = {isa = PBXBuildFile; fileRef = BB35DC0221E53AF700451FF1 /* Assets.xcassets */; };
		BB35DC0621E53AF700451FF1 /* LaunchScreen.storyboard in Resources */ = {isa = PBXBuildFile; fileRef = BB35DC0421E53AF700451FF1 /* LaunchScreen.storyboard */; };
		BB35DC0E21E53B3A00451FF1 /* Item.swift in Sources */ = {isa = PBXBuildFile; fileRef = BB35DC0D21E53B3A00451FF1 /* Item.swift */; };
		BB35DC1021E53B6600451FF1 /* ItemsController.swift in Sources */ = {isa = PBXBuildFile; fileRef = BB35DC0F21E53B6600451FF1 /* ItemsController.swift */; };
		BB35DC1221E551AB00451FF1 /* List_Questions.txt in Resources */ = {isa = PBXBuildFile; fileRef = BB35DC1121E551AB00451FF1 /* List_Questions.txt */; };
/* End PBXBuildFile section */

/* Begin PBXFileReference section */
		BB35DBF821E53AF400451FF1 /* List.app */ = {isa = PBXFileReference; explicitFileType = wrapper.application; includeInIndex = 0; path = List.app; sourceTree = BUILT_PRODUCTS_DIR; };
		BB35DBFB21E53AF400451FF1 /* AppDelegate.swift */ = {isa = PBXFileReference; lastKnownFileType = sourcecode.swift; path = AppDelegate.swift; sourceTree = "<group>"; };
		BB35DBFD21E53AF400451FF1 /* ViewController.swift */ = {isa = PBXFileReference; lastKnownFileType = sourcecode.swift; path = ViewController.swift; sourceTree = "<group>"; };
		BB35DC0021E53AF400451FF1 /* Base */ = {isa = PBXFileReference; lastKnownFileType = file.storyboard; name = Base; path = Base.lproj/Main.storyboard; sourceTree = "<group>"; };
		BB35DC0221E53AF700451FF1 /* Assets.xcassets */ = {isa = PBXFileReference; lastKnownFileType = folder.assetcatalog; path = Assets.xcassets; sourceTree = "<group>"; };
		BB35DC0521E53AF700451FF1 /* Base */ = {isa = PBXFileReference; lastKnownFileType = file.storyboard; name = Base; path = Base.lproj/LaunchScreen.storyboard; sourceTree = "<group>"; };
		BB35DC0721E53AF700451FF1 /* Info.plist */ = {isa = PBXFileReference; lastKnownFileType = text.plist.xml; path = Info.plist; sourceTree = "<group>"; };
		BB35DC0D21E53B3A00451FF1 /* Item.swift */ = {isa = PBXFileReference; lastKnownFileType = sourcecode.swift; path = Item.swift; sourceTree = "<group>"; };
		BB35DC0F21E53B6600451FF1 /* ItemsController.swift */ = {isa = PBXFileReference; lastKnownFileType = sourcecode.swift; path = ItemsController.swift; sourceTree = "<group>"; };
		BB35DC1121E551AB00451FF1 /* List_Questions.txt */ = {isa = PBXFileReference; fileEncoding = 4; lastKnownFileType = text; name = List_Questions.txt; path = ../../../List_Questions.txt; sourceTree = "<group>"; };
/* End PBXFileReference section */

/* Begin PBXFrameworksBuildPhase section */
		BB35DBF521E53AF400451FF1 /* Frameworks */ = {
			isa = PBXFrameworksBuildPhase;
			buildActionMask = 2147483647;
			files = (
			);
			runOnlyForDeploymentPostprocessing = 0;
		};
/* End PBXFrameworksBuildPhase section */

/* Begin PBXGroup section */
		BB35DBEF21E53AF400451FF1 = {
			isa = PBXGroup;
			children = (
				BB35DBFA21E53AF400451FF1 /* List */,
				BB35DBF921E53AF400451FF1 /* Products */,
			);
			sourceTree = "<group>";
		};
		BB35DBF921E53AF400451FF1 /* Products */ = {
			isa = PBXGroup;
			children = (
				BB35DBF821E53AF400451FF1 /* List.app */,
			);
			name = Products;
			sourceTree = "<group>";
		};
		BB35DBFA21E53AF400451FF1 /* List */ = {
			isa = PBXGroup;
			children = (
				BB35DC1121E551AB00451FF1 /* List_Questions.txt */,
				BB35DBFB21E53AF400451FF1 /* AppDelegate.swift */,
				BB35DBFD21E53AF400451FF1 /* ViewController.swift */,
				BB35DC0D21E53B3A00451FF1 /* Item.swift */,
				BB35DC0F21E53B6600451FF1 /* ItemsController.swift */,
				BB35DBFF21E53AF400451FF1 /* Main.storyboard */,
				BB35DC0221E53AF700451FF1 /* Assets.xcassets */,
				BB35DC0421E53AF700451FF1 /* LaunchScreen.storyboard */,
				BB35DC0721E53AF700451FF1 /* Info.plist */,
			);
			path = List;
			sourceTree = "<group>";
		};
/* End PBXGroup section */

/* Begin PBXNativeTarget section */
		BB35DBF721E53AF400451FF1 /* List */ = {
			isa = PBXNativeTarget;
			buildConfigurationList = BB35DC0A21E53AF700451FF1 /* Build configuration list for PBXNativeTarget "List" */;
			buildPhases = (
				BB35DBF421E53AF400451FF1 /* Sources */,
				BB35DBF521E53AF400451FF1 /* Frameworks */,
				BB35DBF621E53AF400451FF1 /* Resources */,
			);
			buildRules = (
			);
			dependencies = (
			);
			name = List;
			productName = List;
			productReference = BB35DBF821E53AF400451FF1 /* List.app */;
			productType = "com.apple.product-type.application";
		};
/* End PBXNativeTarget section */

/* Begin PBXProject section */
		BB35DBF021E53AF400451FF1 /* Project object */ = {
			isa = PBXProject;
			attributes = {
				LastSwiftUpdateCheck = 1010;
				LastUpgradeCheck = 1010;
				ORGANIZATIONNAME = JS;
				TargetAttributes = {
					BB35DBF721E53AF400451FF1 = {
						CreatedOnToolsVersion = 10.1;
					};
				};
			};
			buildConfigurationList = BB35DBF321E53AF400451FF1 /* Build configuration list for PBXProject "List" */;
			compatibilityVersion = "Xcode 9.3";
			developmentRegion = en;
			hasScannedForEncodings = 0;
			knownRegions = (
				en,
				Base,
			);
			mainGroup = BB35DBEF21E53AF400451FF1;
			productRefGroup = BB35DBF921E53AF400451FF1 /* Products */;
			projectDirPath = "";
			projectRoot = "";
			targets = (
				BB35DBF721E53AF400451FF1 /* List */,
			);
		};
/* End PBXProject section */

/* Begin PBXResourcesBuildPhase section */
		BB35DBF621E53AF400451FF1 /* Resources */ = {
			isa = PBXResourcesBuildPhase;
			buildActionMask = 2147483647;
			files = (
				BB35DC0621E53AF700451FF1 /* LaunchScreen.storyboard in Resources */,
				BB35DC0321E53AF700451FF1 /* Assets.xcassets in Resources */,
				BB35DC1221E551AB00451FF1 /* List_Questions.txt in Resources */,
				BB35DC0121E53AF400451FF1 /* Main.storyboard in Resources */,
			);
			runOnlyForDeploymentPostprocessing = 0;
		};
/* End PBXResourcesBuildPhase section */

/* Begin PBXSourcesBuildPhase section */
		BB35DBF421E53AF400451FF1 /* Sources */ = {
			isa = PBXSourcesBuildPhase;
			buildActionMask = 2147483647;
			files = (
				BB35DBFE21E53AF400451FF1 /* ViewController.swift in Sources */,
				BB35DC0E21E53B3A00451FF1 /* Item.swift in Sources */,
				BB35DC1021E53B6600451FF1 /* ItemsController.swift in Sources */,
				BB35DBFC21E53AF400451FF1 /* AppDelegate.swift in Sources */,
			);
			runOnlyForDeploymentPostprocessing = 0;
		};
/* End PBXSourcesBuildPhase section */

/* Begin PBXVariantGroup section */
		BB35DBFF21E53AF400451FF1 /* Main.storyboard */ = {
			isa = PBXVariantGroup;
			children = (
				BB35DC0021E53AF400451FF1 /* Base */,
			);
			name = Main.storyboard;
			sourceTree = "<group>";
		};
		BB35DC0421E53AF700451FF1 /* LaunchScreen.storyboard */ = {
			isa = PBXVariantGroup;
			children = (
				BB35DC0521E53AF700451FF1 /* Base */,
			);
			name = LaunchScreen.storyboard;
			sourceTree = "<group>";
		};
/* End PBXVariantGroup section */

/* Begin XCBuildConfiguration section */
		BB35DC0821E53AF700451FF1 /* Debug */ = {
			isa = XCBuildConfiguration;
			buildSettings = {
				ALWAYS_SEARCH_USER_PATHS = NO;
				CLANG_ANALYZER_NONNULL = YES;
				CLANG_ANALYZER_NUMBER_OBJECT_CONVERSION = YES_AGGRESSIVE;
				CLANG_CXX_LANGUAGE_STANDARD = "gnu++14";
				CLANG_CXX_LIBRARY = "libc++";
				CLANG_ENABLE_MODULES = YES;
				CLANG_ENABLE_OBJC_ARC = YES;
				CLANG_ENABLE_OBJC_WEAK = YES;
				CLANG_WARN_BLOCK_CAPTURE_AUTORELEASING = YES;
				CLANG_WARN_BOOL_CONVERSION = YES;
				CLANG_WARN_COMMA = YES;
				CLANG_WARN_CONSTANT_CONVERSION = YES;
				CLANG_WARN_DEPRECATED_OBJC_IMPLEMENTATIONS = YES;
				CLANG_WARN_DIRECT_OBJC_ISA_USAGE = YES_ERROR;
				CLANG_WARN_DOCUMENTATION_COMMENTS = YES;
				CLANG_WARN_EMPTY_BODY = YES;
				CLANG_WARN_ENUM_CONVERSION = YES;
				CLANG_WARN_INFINITE_RECURSION = YES;
				CLANG_WARN_INT_CONVERSION = YES;
				CLANG_WARN_NON_LITERAL_NULL_CONVERSION = YES;
				CLANG_WARN_OBJC_IMPLICIT_RETAIN_SELF = YES;
				CLANG_WARN_OBJC_LITERAL_CONVERSION = YES;
				CLANG_WARN_OBJC_ROOT_CLASS = YES_ERROR;
				CLANG_WARN_RANGE_LOOP_ANALYSIS = YES;
				CLANG_WARN_STRICT_PROTOTYPES = YES;
				CLANG_WARN_SUSPICIOUS_MOVE = YES;
				CLANG_WARN_UNGUARDED_AVAILABILITY = YES_AGGRESSIVE;
				CLANG_WARN_UNREACHABLE_CODE = YES;
				CLANG_WARN__DUPLICATE_METHOD_MATCH = YES;
				CODE_SIGN_IDENTITY = "iPhone Developer";
				COPY_PHASE_STRIP = NO;
				DEBUG_INFORMATION_FORMAT = dwarf;
				ENABLE_STRICT_OBJC_MSGSEND = YES;
				ENABLE_TESTABILITY = YES;
				GCC_C_LANGUAGE_STANDARD = gnu11;
				GCC_DYNAMIC_NO_PIC = NO;
				GCC_NO_COMMON_BLOCKS = YES;
				GCC_OPTIMIZATION_LEVEL = 0;
				GCC_PREPROCESSOR_DEFINITIONS = (
					"DEBUG=1",
					"$(inherited)",
				);
				GCC_WARN_64_TO_32_BIT_CONVERSION = YES;
				GCC_WARN_ABOUT_RETURN_TYPE = YES_ERROR;
				GCC_WARN_UNDECLARED_SELECTOR = YES;
				GCC_WARN_UNINITIALIZED_AUTOS = YES_AGGRESSIVE;
				GCC_WARN_UNUSED_FUNCTION = YES;
				GCC_WARN_UNUSED_VARIABLE = YES;
				IPHONEOS_DEPLOYMENT_TARGET = 12.1;
				MTL_ENABLE_DEBUG_INFO = INCLUDE_SOURCE;
				MTL_FAST_MATH = YES;
				ONLY_ACTIVE_ARCH = YES;
				SDKROOT = iphoneos;
				SWIFT_ACTIVE_COMPILATION_CONDITIONS = DEBUG;
				SWIFT_OPTIMIZATION_LEVEL = "-Onone";
			};
			name = Debug;
		};
		BB35DC0921E53AF700451FF1 /* Release */ = {
			isa = XCBuildConfiguration;
			buildSettings = {
				ALWAYS_SEARCH_USER_PATHS = NO;
				CLANG_ANALYZER_NONNULL = YES;
				CLANG_ANALYZER_NUMBER_OBJECT_CONVERSION = YES_AGGRESSIVE;
				CLANG_CXX_LANGUAGE_STANDARD = "gnu++14";
				CLANG_CXX_LIBRARY = "libc++";
				CLANG_ENABLE_MODULES = YES;
				CLANG_ENABLE_OBJC_ARC = YES;
				CLANG_ENABLE_OBJC_WEAK = YES;
				CLANG_WARN_BLOCK_CAPTURE_AUTORELEASING = YES;
				CLANG_WARN_BOOL_CONVERSION = YES;
				CLANG_WARN_COMMA = YES;
				CLANG_WARN_CONSTANT_CONVERSION = YES;
				CLANG_WARN_DEPRECATED_OBJC_IMPLEMENTATIONS = YES;
				CLANG_WARN_DIRECT_OBJC_ISA_USAGE = YES_ERROR;
				CLANG_WARN_DOCUMENTATION_COMMENTS = YES;
				CLANG_WARN_EMPTY_BODY = YES;
				CLANG_WARN_ENUM_CONVERSION = YES;
				CLANG_WARN_INFINITE_RECURSION = YES;
				CLANG_WARN_INT_CONVERSION = YES;
				CLANG_WARN_NON_LITERAL_NULL_CONVERSION = YES;
				CLANG_WARN_OBJC_IMPLICIT_RETAIN_SELF = YES;
				CLANG_WARN_OBJC_LITERAL_CONVERSION = YES;
				CLANG_WARN_OBJC_ROOT_CLASS = YES_ERROR;
				CLANG_WARN_RANGE_LOOP_ANALYSIS = YES;
				CLANG_WARN_STRICT_PROTOTYPES = YES;
				CLANG_WARN_SUSPICIOUS_MOVE = YES;
				CLANG_WARN_UNGUARDED_AVAILABILITY = YES_AGGRESSIVE;
				CLANG_WARN_UNREACHABLE_CODE = YES;
				CLANG_WARN__DUPLICATE_METHOD_MATCH = YES;
				CODE_SIGN_IDENTITY = "iPhone Developer";
				COPY_PHASE_STRIP = NO;
				DEBUG_INFORMATION_FORMAT = "dwarf-with-dsym";
				ENABLE_NS_ASSERTIONS = NO;
				ENABLE_STRICT_OBJC_MSGSEND = YES;
				GCC_C_LANGUAGE_STANDARD = gnu11;
				GCC_NO_COMMON_BLOCKS = YES;
				GCC_WARN_64_TO_32_BIT_CONVERSION = YES;
				GCC_WARN_ABOUT_RETURN_TYPE = YES_ERROR;
				GCC_WARN_UNDECLARED_SELECTOR = YES;
				GCC_WARN_UNINITIALIZED_AUTOS = YES_AGGRESSIVE;
				GCC_WARN_UNUSED_FUNCTION = YES;
				GCC_WARN_UNUSED_VARIABLE = YES;
				IPHONEOS_DEPLOYMENT_TARGET = 12.1;
				MTL_ENABLE_DEBUG_INFO = NO;
				MTL_FAST_MATH = YES;
				SDKROOT = iphoneos;
				SWIFT_COMPILATION_MODE = wholemodule;
				SWIFT_OPTIMIZATION_LEVEL = "-O";
				VALIDATE_PRODUCT = YES;
			};
			name = Release;
		};
		BB35DC0B21E53AF700451FF1 /* Debug */ = {
			isa = XCBuildConfiguration;
			buildSettings = {
				ASSETCATALOG_COMPILER_APPICON_NAME = AppIcon;
				CODE_SIGN_STYLE = Automatic;
				DEVELOPMENT_TEAM = 7M33TUA2Z8;
				INFOPLIST_FILE = List/Info.plist;
				LD_RUNPATH_SEARCH_PATHS = (
					"$(inherited)",
					"@executable_path/Frameworks",
				);
				PRODUCT_BUNDLE_IDENTIFIER = com.JS.List;
				PRODUCT_NAME = "$(TARGET_NAME)";
				SWIFT_VERSION = 4.2;
				TARGETED_DEVICE_FAMILY = "1,2";
			};
			name = Debug;
		};
		BB35DC0C21E53AF700451FF1 /* Release */ = {
			isa = XCBuildConfiguration;
			buildSettings = {
				ASSETCATALOG_COMPILER_APPICON_NAME = AppIcon;
				CODE_SIGN_STYLE = Automatic;
				DEVELOPMENT_TEAM = 7M33TUA2Z8;
				INFOPLIST_FILE = List/Info.plist;
				LD_RUNPATH_SEARCH_PATHS = (
					"$(inherited)",
					"@executable_path/Frameworks",
				);
				PRODUCT_BUNDLE_IDENTIFIER = com.JS.List;
				PRODUCT_NAME = "$(TARGET_NAME)";
				SWIFT_VERSION = 4.2;
				TARGETED_DEVICE_FAMILY = "1,2";
			};
			name = Release;
		};
/* End XCBuildConfiguration section */

/* Begin XCConfigurationList section */
		BB35DBF321E53AF400451FF1 /* Build configuration list for PBXProject "List" */ = {
			isa = XCConfigurationList;
			buildConfigurations = (
				BB35DC0821E53AF700451FF1 /* Debug */,
				BB35DC0921E53AF700451FF1 /* Release */,
			);
			defaultConfigurationIsVisible = 0;
			defaultConfigurationName = Release;
		};
		BB35DC0A21E53AF700451FF1 /* Build configuration list for PBXNativeTarget "List" */ = {
			isa = XCConfigurationList;
			buildConfigurations = (
				BB35DC0B21E53AF700451FF1 /* Debug */,
				BB35DC0C21E53AF700451FF1 /* Release */,
			);
			defaultConfigurationIsVisible = 0;
			defaultConfigurationName = Release;
		};
/* End XCConfigurationList section */
	};
	rootObject = BB35DBF021E53AF400451FF1 /* Project object */;
}
